
Microsoft Visual Studio Solution File, Format Version 12.00
# Visual Studio Version 17
VisualStudioVersion = 17.8.34322.80
MinimumVisualStudioVersion = 10.0.40219.1
Project("{888888A0-9F3D-457C-B088-3A5042F75D52}") = "API_To_SSMS", "API_To_SSMS\API_To_SSMS.pyproj", "{8BB2F629-58D9-4860-8AE2-140CF84CF869}"
EndProject
Global
	GlobalSection(SolutionConfigurationPlatforms) = preSolution
		Debug|Any CPU = Debug|Any CPU
		Release|Any CPU = Release|Any CPU
	EndGlobalSection
	GlobalSection(ProjectConfigurationPlatforms) = postSolution
		{8BB2F629-58D9-4860-8AE2-140CF84CF869}.Debug|Any CPU.ActiveCfg = Debug|Any CPU
		{8BB2F629-58D9-4860-8AE2-140CF84CF869}.Release|Any CPU.ActiveCfg = Release|Any CPU
	EndGlobalSection
	GlobalSection(SolutionProperties) = preSolution
		HideSolutionNode = FALSE
	EndGlobalSection
	GlobalSection(ExtensibilityGlobals) = postSolution
		SolutionGuid = {6DBB102C-12B1-4EAB-AB54-750C1E1E2C76}
	EndGlobalSection
EndGlobal
